// !$*UTF8*$!
{
	archiveVersion = 1;
	classes = {
	};
	objectVersion = 44;
	objects = {

/* Begin PBXBuildFile section */
		340EF9150CD79628007280D6 /* DBPrefsWindowController.m in Sources */ = {isa = PBXBuildFile; fileRef = 340EF9140CD79628007280D6 /* DBPrefsWindowController.m */; };
		340EF99E0CD7A7A7007280D6 /* UserDefaults.plist in Resources */ = {isa = PBXBuildFile; fileRef = 340EF99D0CD7A7A7007280D6 /* UserDefaults.plist */; };
		340EF9A00CD7A867007280D6 /* AppController.m in Sources */ = {isa = PBXBuildFile; fileRef = 340EF99F0CD7A867007280D6 /* AppController.m */; };
		347E3F4F0CD681C80035D056 /* General.tiff in Resources */ = {isa = PBXBuildFile; fileRef = 347E3F4E0CD681C80035D056 /* General.tiff */; };
		3499B1300CE3F2F40044010B /* aboutbg.png in Resources */ = {isa = PBXBuildFile; fileRef = 3499B12F0CE3F2F40044010B /* aboutbg.png */; };
		3499B1360CE3F5330044010B /* About.xib in Resources */ = {isa = PBXBuildFile; fileRef = 3499B1350CE3F5330044010B /* About.xib */; };
		3499B15F0CE3F76D0044010B /* AboutController.m in Sources */ = {isa = PBXBuildFile; fileRef = 3499B15E0CE3F76D0044010B /* AboutController.m */; };
		34B5CC540CD6A75500CF5D14 /* PrefController.m in Sources */ = {isa = PBXBuildFile; fileRef = 34B5CC530CD6A75500CF5D14 /* PrefController.m */; };
		34E7E5650CCD2DBA0098659D /* Prayer.m in Sources */ = {isa = PBXBuildFile; fileRef = 34E7E5630CCD2DBA0098659D /* Prayer.m */; };
		84031FA40CCDBEE8005DA599 /* Credits.rtf in Resources */ = {isa = PBXBuildFile; fileRef = 84031FA30CCDBEE8005DA599 /* Credits.rtf */; };
		840BA2BC0CD6C63800181205 /* menuBar.png in Resources */ = {isa = PBXBuildFile; fileRef = 840BA2BB0CD6C63800181205 /* menuBar.png */; };
		840BA2BE0CD6C64B00181205 /* menuBarHighlight.png in Resources */ = {isa = PBXBuildFile; fileRef = 840BA2BD0CD6C64B00181205 /* menuBarHighlight.png */; };
		8421DB5E0CD8024F00BC4D4D /* alaqsa.mp3 in Resources */ = {isa = PBXBuildFile; fileRef = 8421DB5A0CD8024F00BC4D4D /* alaqsa.mp3 */; };
		8421DB5F0CD8024F00BC4D4D /* istanbul.mp3 in Resources */ = {isa = PBXBuildFile; fileRef = 8421DB5B0CD8024F00BC4D4D /* istanbul.mp3 */; };
		8421DB600CD8024F00BC4D4D /* makkah.mp3 in Resources */ = {isa = PBXBuildFile; fileRef = 8421DB5C0CD8024F00BC4D4D /* makkah.mp3 */; };
		8421DB610CD8024F00BC4D4D /* yusufislam.mp3 in Resources */ = {isa = PBXBuildFile; fileRef = 8421DB5D0CD8024F00BC4D4D /* yusufislam.mp3 */; };
		84262DFA0CE1153E00359AA1 /* Alerts.tiff in Resources */ = {isa = PBXBuildFile; fileRef = 84262DF90CE1153E00359AA1 /* Alerts.tiff */; };
		84262E190CE1156D00359AA1 /* Location.tiff in Resources */ = {isa = PBXBuildFile; fileRef = 84262E180CE1156D00359AA1 /* Location.tiff */; };
		84262E240CE1173F00359AA1 /* Prayer Times.tiff in Resources */ = {isa = PBXBuildFile; fileRef = 84262E230CE1173F00359AA1 /* Prayer Times.tiff */; };
		84342B020CE675D900DDE111 /* status_prayerTime.tiff in Resources */ = {isa = PBXBuildFile; fileRef = 84342AFF0CE675D900DDE111 /* status_prayerTime.tiff */; };
		84342B030CE675D900DDE111 /* status_notTime.tiff in Resources */ = {isa = PBXBuildFile; fileRef = 84342B000CE675D900DDE111 /* status_notTime.tiff */; };
		84342B320CE68B7B00DDE111 /* status_sound.png in Resources */ = {isa = PBXBuildFile; fileRef = 84342B310CE68B7B00DDE111 /* status_sound.png */; };
		843F53520EE4CD0A002B9BF9 /* Play.tiff in Resources */ = {isa = PBXBuildFile; fileRef = 843F53500EE4CD0A002B9BF9 /* Play.tiff */; };
		843F53530EE4CD0A002B9BF9 /* Stop.tiff in Resources */ = {isa = PBXBuildFile; fileRef = 843F53510EE4CD0A002B9BF9 /* Stop.tiff */; };
		843F53580EE4CF0D002B9BF9 /* PlayAlt.tiff in Resources */ = {isa = PBXBuildFile; fileRef = 843F53560EE4CF0D002B9BF9 /* PlayAlt.tiff */; };
		843F53590EE4CF0D002B9BF9 /* StopAlt.tiff in Resources */ = {isa = PBXBuildFile; fileRef = 843F53570EE4CF0D002B9BF9 /* StopAlt.tiff */; };
		8457C42B0D01201F00BFAF0C /* SoundLow.png in Resources */ = {isa = PBXBuildFile; fileRef = 8457C4290D01201F00BFAF0C /* SoundLow.png */; };
		8457C42C0D01201F00BFAF0C /* SoundHigh.png in Resources */ = {isa = PBXBuildFile; fileRef = 8457C42A0D01201F00BFAF0C /* SoundHigh.png */; };
		8458D7740D00DD8F00F9EB07 /* Growl-WithInstaller.framework in Frameworks */ = {isa = PBXBuildFile; fileRef = 8458D7730D00DD8F00F9EB07 /* Growl-WithInstaller.framework */; };
		847F39110E6C5E26003BBF38 /* GuidanceHelp in Resources */ = {isa = PBXBuildFile; fileRef = 847F38F80E6C5E26003BBF38 /* GuidanceHelp */; };
		84985D880D63FA92008447D3 /* WelcomeController.m in Sources */ = {isa = PBXBuildFile; fileRef = 84985D870D63FA92008447D3 /* WelcomeController.m */; };
		84A4D5C20CCBED0C0080B17D /* PrayerTimes.m in Sources */ = {isa = PBXBuildFile; fileRef = 84A4D5C10CCBED0C0080B17D /* PrayerTimes.m */; };
		84A956B00E68877B008BDB67 /* Preferences.xib in Resources */ = {isa = PBXBuildFile; fileRef = 34B5CC820CD6C06900CF5D14 /* Preferences.xib */; };
		84A956B10E688783008BDB67 /* Welcome.xib in Resources */ = {isa = PBXBuildFile; fileRef = 84ED0CAE0D64023500654A1D /* Welcome.xib */; };
		84A956B20E68879D008BDB67 /* MainMenu.xib in Resources */ = {isa = PBXBuildFile; fileRef = 347E3F530CD688D30035D056 /* MainMenu.xib */; };
		84A956BC0E68A80D008BDB67 /* error.png in Resources */ = {isa = PBXBuildFile; fileRef = 84A956BA0E68A80D008BDB67 /* error.png */; };
		84A956BD0E68A80D008BDB67 /* check.png in Resources */ = {isa = PBXBuildFile; fileRef = 84A956BB0E68A80D008BDB67 /* check.png */; };
		84AFF17C0CD9647D00D0BF00 /* Growl-WithInstaller.framework in CopyFiles */ = {isa = PBXBuildFile; fileRef = 8458D7730D00DD8F00F9EB07 /* Growl-WithInstaller.framework */; };
		84BA75490EE35DDF00A9671B /* pauseItunes.scpt in Resources */ = {isa = PBXBuildFile; fileRef = 84BA75480EE35DCF00A9671B /* pauseItunes.scpt */; };
		84BEB0E90DAAEC1600F2BB87 /* Advanced.tiff in Resources */ = {isa = PBXBuildFile; fileRef = 84BEB0E80DAAEC1600F2BB87 /* Advanced.tiff */; };
		84FAC4DF0CD020370005CDA0 /* guidanceIcon.icns in Resources */ = {isa = PBXBuildFile; fileRef = 84FAC4DE0CD020370005CDA0 /* guidanceIcon.icns */; };
		8D11072B0486CEB800E47090 /* InfoPlist.strings in Resources */ = {isa = PBXBuildFile; fileRef = 089C165CFE840E0CC02AAC07 /* InfoPlist.strings */; };
		8D11072D0486CEB800E47090 /* main.m in Sources */ = {isa = PBXBuildFile; fileRef = 29B97316FDCFA39411CA2CEA /* main.m */; settings = {ATTRIBUTES = (); }; };
		8D11072F0486CEB800E47090 /* Cocoa.framework in Frameworks */ = {isa = PBXBuildFile; fileRef = 1058C7A1FEA54F0111CA2CBB /* Cocoa.framework */; };
/* End PBXBuildFile section */

/* Begin PBXCopyFilesBuildPhase section */
		84AFF17A0CD9646100D0BF00 /* CopyFiles */ = {
			isa = PBXCopyFilesBuildPhase;
			buildActionMask = 2147483647;
			dstPath = "";
			dstSubfolderSpec = 10;
			files = (
				84AFF17C0CD9647D00D0BF00 /* Growl-WithInstaller.framework in CopyFiles */,
			);
			runOnlyForDeploymentPostprocessing = 0;
		};
/* End PBXCopyFilesBuildPhase section */

/* Begin PBXFileReference section */
		089C165DFE840E0CC02AAC07 /* English */ = {isa = PBXFileReference; fileEncoding = 10; lastKnownFileType = text.plist.strings; name = English; path = English.lproj/InfoPlist.strings; sourceTree = "<group>"; };
		1058C7A1FEA54F0111CA2CBB /* Cocoa.framework */ = {isa = PBXFileReference; lastKnownFileType = wrapper.framework; name = Cocoa.framework; path = /System/Library/Frameworks/Cocoa.framework; sourceTree = "<absolute>"; };
		13E42FB307B3F0F600E4EEF1 /* CoreData.framework */ = {isa = PBXFileReference; lastKnownFileType = wrapper.framework; name = CoreData.framework; path = /System/Library/Frameworks/CoreData.framework; sourceTree = "<absolute>"; };
		29B97316FDCFA39411CA2CEA /* main.m */ = {isa = PBXFileReference; fileEncoding = 4; lastKnownFileType = sourcecode.c.objc; path = main.m; sourceTree = "<group>"; };
		29B97324FDCFA39411CA2CEA /* AppKit.framework */ = {isa = PBXFileReference; lastKnownFileType = wrapper.framework; name = AppKit.framework; path = /System/Library/Frameworks/AppKit.framework; sourceTree = "<absolute>"; };
		29B97325FDCFA39411CA2CEA /* Foundation.framework */ = {isa = PBXFileReference; lastKnownFileType = wrapper.framework; name = Foundation.framework; path = /System/Library/Frameworks/Foundation.framework; sourceTree = "<absolute>"; };
		32CA4F630368D1EE00C91783 /* Guidance_Prefix.pch */ = {isa = PBXFileReference; fileEncoding = 4; lastKnownFileType = sourcecode.c.h; path = Guidance_Prefix.pch; sourceTree = "<group>"; };
		340EF9130CD79628007280D6 /* DBPrefsWindowController.h */ = {isa = PBXFileReference; fileEncoding = 4; lastKnownFileType = sourcecode.c.h; path = DBPrefsWindowController.h; sourceTree = "<group>"; };
		340EF9140CD79628007280D6 /* DBPrefsWindowController.m */ = {isa = PBXFileReference; fileEncoding = 4; lastKnownFileType = sourcecode.c.objc; path = DBPrefsWindowController.m; sourceTree = "<group>"; };
		340EF99D0CD7A7A7007280D6 /* UserDefaults.plist */ = {isa = PBXFileReference; fileEncoding = 4; lastKnownFileType = text.plist.xml; path = UserDefaults.plist; sourceTree = "<group>"; };
		340EF99F0CD7A867007280D6 /* AppController.m */ = {isa = PBXFileReference; fileEncoding = 4; lastKnownFileType = sourcecode.c.objc; path = AppController.m; sourceTree = "<group>"; };
		347BEC600CCC64BE008BE40C /* Growl.framework-Info.plist */ = {isa = PBXFileReference; lastKnownFileType = text.plist.xml; path = "Growl.framework-Info.plist"; sourceTree = "<group>"; };
		347E3F4E0CD681C80035D056 /* General.tiff */ = {isa = PBXFileReference; lastKnownFileType = image.tiff; path = General.tiff; sourceTree = "<group>"; };
		347E3F530CD688D30035D056 /* MainMenu.xib */ = {isa = PBXFileReference; lastKnownFileType = file.xib; path = MainMenu.xib; sourceTree = "<group>"; };
		3499B12F0CE3F2F40044010B /* aboutbg.png */ = {isa = PBXFileReference; lastKnownFileType = image.png; path = aboutbg.png; sourceTree = "<group>"; };
		3499B1350CE3F5330044010B /* About.xib */ = {isa = PBXFileReference; lastKnownFileType = file.xib; path = About.xib; sourceTree = "<group>"; };
		3499B15D0CE3F76D0044010B /* AboutController.h */ = {isa = PBXFileReference; fileEncoding = 4; lastKnownFileType = sourcecode.c.h; path = AboutController.h; sourceTree = "<group>"; };
		3499B15E0CE3F76D0044010B /* AboutController.m */ = {isa = PBXFileReference; fileEncoding = 4; lastKnownFileType = sourcecode.c.objc; path = AboutController.m; sourceTree = "<group>"; };
		34B5CC520CD6A75500CF5D14 /* PrefController.h */ = {isa = PBXFileReference; fileEncoding = 4; lastKnownFileType = sourcecode.c.h; path = PrefController.h; sourceTree = "<group>"; };
		34B5CC530CD6A75500CF5D14 /* PrefController.m */ = {isa = PBXFileReference; fileEncoding = 4; lastKnownFileType = sourcecode.c.objc; path = PrefController.m; sourceTree = "<group>"; };
		34B5CC820CD6C06900CF5D14 /* Preferences.xib */ = {isa = PBXFileReference; lastKnownFileType = file.xib; path = Preferences.xib; sourceTree = "<group>"; };
		34E7E5620CCD2DBA0098659D /* Prayer.h */ = {isa = PBXFileReference; fileEncoding = 4; lastKnownFileType = sourcecode.c.h; path = Prayer.h; sourceTree = "<group>"; };
		34E7E5630CCD2DBA0098659D /* Prayer.m */ = {isa = PBXFileReference; fileEncoding = 4; lastKnownFileType = sourcecode.c.objc; path = Prayer.m; sourceTree = "<group>"; };
		84031FA30CCDBEE8005DA599 /* Credits.rtf */ = {isa = PBXFileReference; lastKnownFileType = text.rtf; path = Credits.rtf; sourceTree = "<group>"; };
		840BA2BB0CD6C63800181205 /* menuBar.png */ = {isa = PBXFileReference; lastKnownFileType = image.png; path = menuBar.png; sourceTree = "<group>"; };
		840BA2BD0CD6C64B00181205 /* menuBarHighlight.png */ = {isa = PBXFileReference; lastKnownFileType = image.png; path = menuBarHighlight.png; sourceTree = "<group>"; };
		8421DB5A0CD8024F00BC4D4D /* alaqsa.mp3 */ = {isa = PBXFileReference; lastKnownFileType = audio.mp3; path = alaqsa.mp3; sourceTree = "<group>"; };
		8421DB5B0CD8024F00BC4D4D /* istanbul.mp3 */ = {isa = PBXFileReference; lastKnownFileType = audio.mp3; path = istanbul.mp3; sourceTree = "<group>"; };
		8421DB5C0CD8024F00BC4D4D /* makkah.mp3 */ = {isa = PBXFileReference; lastKnownFileType = audio.mp3; path = makkah.mp3; sourceTree = "<group>"; };
		8421DB5D0CD8024F00BC4D4D /* yusufislam.mp3 */ = {isa = PBXFileReference; lastKnownFileType = audio.mp3; path = yusufislam.mp3; sourceTree = "<group>"; };
		84262DF90CE1153E00359AA1 /* Alerts.tiff */ = {isa = PBXFileReference; lastKnownFileType = image.tiff; path = Alerts.tiff; sourceTree = "<group>"; };
		84262E180CE1156D00359AA1 /* Location.tiff */ = {isa = PBXFileReference; lastKnownFileType = image.tiff; path = Location.tiff; sourceTree = "<group>"; };
		84262E230CE1173F00359AA1 /* Prayer Times.tiff */ = {isa = PBXFileReference; lastKnownFileType = image.tiff; path = "Prayer Times.tiff"; sourceTree = "<group>"; };
		84342AFF0CE675D900DDE111 /* status_prayerTime.tiff */ = {isa = PBXFileReference; lastKnownFileType = image.tiff; path = status_prayerTime.tiff; sourceTree = SOURCE_ROOT; };
		84342B000CE675D900DDE111 /* status_notTime.tiff */ = {isa = PBXFileReference; lastKnownFileType = image.tiff; path = status_notTime.tiff; sourceTree = SOURCE_ROOT; };
		84342B310CE68B7B00DDE111 /* status_sound.png */ = {isa = PBXFileReference; lastKnownFileType = image.png; path = status_sound.png; sourceTree = SOURCE_ROOT; };
		843C4E2A0CCBE610000DAEB4 /* AppController.h */ = {isa = PBXFileReference; fileEncoding = 30; lastKnownFileType = sourcecode.c.h; path = AppController.h; sourceTree = "<group>"; };
		843F53500EE4CD0A002B9BF9 /* Play.tiff */ = {isa = PBXFileReference; lastKnownFileType = image.tiff; path = Play.tiff; sourceTree = "<group>"; };
		843F53510EE4CD0A002B9BF9 /* Stop.tiff */ = {isa = PBXFileReference; lastKnownFileType = image.tiff; path = Stop.tiff; sourceTree = "<group>"; };
		843F53560EE4CF0D002B9BF9 /* PlayAlt.tiff */ = {isa = PBXFileReference; lastKnownFileType = image.tiff; path = PlayAlt.tiff; sourceTree = "<group>"; };
		843F53570EE4CF0D002B9BF9 /* StopAlt.tiff */ = {isa = PBXFileReference; lastKnownFileType = image.tiff; path = StopAlt.tiff; sourceTree = "<group>"; };
		8457C4290D01201F00BFAF0C /* SoundLow.png */ = {isa = PBXFileReference; lastKnownFileType = image.png; path = SoundLow.png; sourceTree = SOURCE_ROOT; };
		8457C42A0D01201F00BFAF0C /* SoundHigh.png */ = {isa = PBXFileReference; lastKnownFileType = image.png; path = SoundHigh.png; sourceTree = SOURCE_ROOT; };
		8458D7730D00DD8F00F9EB07 /* Growl-WithInstaller.framework */ = {isa = PBXFileReference; lastKnownFileType = wrapper.framework; path = "Growl-WithInstaller.framework"; sourceTree = SOURCE_ROOT; };
		847F38F80E6C5E26003BBF38 /* GuidanceHelp */ = {isa = PBXFileReference; lastKnownFileType = folder; path = GuidanceHelp; sourceTree = "<group>"; };
		84985D860D63FA92008447D3 /* WelcomeController.h */ = {isa = PBXFileReference; fileEncoding = 4; lastKnownFileType = sourcecode.c.h; path = WelcomeController.h; sourceTree = "<group>"; };
		84985D870D63FA92008447D3 /* WelcomeController.m */ = {isa = PBXFileReference; fileEncoding = 4; lastKnownFileType = sourcecode.c.objc; path = WelcomeController.m; sourceTree = "<group>"; };
		84A4D5C00CCBED0C0080B17D /* PrayerTimes.h */ = {isa = PBXFileReference; fileEncoding = 4; lastKnownFileType = sourcecode.c.h; path = PrayerTimes.h; sourceTree = "<group>"; };
		84A4D5C10CCBED0C0080B17D /* PrayerTimes.m */ = {isa = PBXFileReference; fileEncoding = 4; lastKnownFileType = sourcecode.c.objc; path = PrayerTimes.m; sourceTree = "<group>"; };
		84A956BA0E68A80D008BDB67 /* error.png */ = {isa = PBXFileReference; lastKnownFileType = image.png; path = error.png; sourceTree = "<group>"; };
		84A956BB0E68A80D008BDB67 /* check.png */ = {isa = PBXFileReference; lastKnownFileType = image.png; path = check.png; sourceTree = "<group>"; };
		84BA75480EE35DCF00A9671B /* pauseItunes.scpt */ = {isa = PBXFileReference; fileEncoding = 4; lastKnownFileType = sourcecode.scpt; path = pauseItunes.scpt; sourceTree = "<group>"; };
		84BEB0E80DAAEC1600F2BB87 /* Advanced.tiff */ = {isa = PBXFileReference; lastKnownFileType = image.tiff; path = Advanced.tiff; sourceTree = "<group>"; };
		84ED0CAE0D64023500654A1D /* Welcome.xib */ = {isa = PBXFileReference; lastKnownFileType = file.xib; path = Welcome.xib; sourceTree = "<group>"; };
		84FAC4DE0CD020370005CDA0 /* guidanceIcon.icns */ = {isa = PBXFileReference; lastKnownFileType = image.icns; path = guidanceIcon.icns; sourceTree = "<group>"; };
		8D1107310486CEB800E47090 /* Info.plist */ = {isa = PBXFileReference; fileEncoding = 4; lastKnownFileType = text.plist; path = Info.plist; sourceTree = "<group>"; };
		8D1107320486CEB800E47090 /* Guidance.app */ = {isa = PBXFileReference; explicitFileType = wrapper.application; includeInIndex = 0; path = Guidance.app; sourceTree = BUILT_PRODUCTS_DIR; };
/* End PBXFileReference section */

/* Begin PBXFrameworksBuildPhase section */
		8D11072E0486CEB800E47090 /* Frameworks */ = {
			isa = PBXFrameworksBuildPhase;
			buildActionMask = 2147483647;
			files = (
				8D11072F0486CEB800E47090 /* Cocoa.framework in Frameworks */,
				8458D7740D00DD8F00F9EB07 /* Growl-WithInstaller.framework in Frameworks */,
			);
			runOnlyForDeploymentPostprocessing = 0;
		};
/* End PBXFrameworksBuildPhase section */

/* Begin PBXGroup section */
		080E96DDFE201D6D7F000001 /* Classes */ = {
			isa = PBXGroup;
			children = (
				34B5CC440CD6A68600CF5D14 /* UI */,
				843C4E2A0CCBE610000DAEB4 /* AppController.h */,
				340EF99F0CD7A867007280D6 /* AppController.m */,
				84A4D5C00CCBED0C0080B17D /* PrayerTimes.h */,
				84A4D5C10CCBED0C0080B17D /* PrayerTimes.m */,
				34E7E5620CCD2DBA0098659D /* Prayer.h */,
				34E7E5630CCD2DBA0098659D /* Prayer.m */,
			);
			name = Classes;
			sourceTree = "<group>";
		};
		1058C7A0FEA54F0111CA2CBB /* Linked Frameworks */ = {
			isa = PBXGroup;
			children = (
				8458D7730D00DD8F00F9EB07 /* Growl-WithInstaller.framework */,
				1058C7A1FEA54F0111CA2CBB /* Cocoa.framework */,
			);
			name = "Linked Frameworks";
			sourceTree = "<group>";
		};
		1058C7A2FEA54F0111CA2CBB /* Other Frameworks */ = {
			isa = PBXGroup;
			children = (
				29B97324FDCFA39411CA2CEA /* AppKit.framework */,
				13E42FB307B3F0F600E4EEF1 /* CoreData.framework */,
				29B97325FDCFA39411CA2CEA /* Foundation.framework */,
			);
			name = "Other Frameworks";
			sourceTree = "<group>";
		};
		19C28FACFE9D520D11CA2CBB /* Products */ = {
			isa = PBXGroup;
			children = (
				8D1107320486CEB800E47090 /* Guidance.app */,
			);
			name = Products;
			sourceTree = "<group>";
		};
		29B97314FDCFA39411CA2CEA /* Guidance */ = {
			isa = PBXGroup;
			children = (
				080E96DDFE201D6D7F000001 /* Classes */,
				29B97315FDCFA39411CA2CEA /* Other Sources */,
				29B97317FDCFA39411CA2CEA /* Resources */,
				29B97323FDCFA39411CA2CEA /* Frameworks */,
				19C28FACFE9D520D11CA2CBB /* Products */,
				347BEC600CCC64BE008BE40C /* Growl.framework-Info.plist */,
			);
			name = Guidance;
			sourceTree = "<group>";
		};
		29B97315FDCFA39411CA2CEA /* Other Sources */ = {
			isa = PBXGroup;
			children = (
				32CA4F630368D1EE00C91783 /* Guidance_Prefix.pch */,
				29B97316FDCFA39411CA2CEA /* main.m */,
			);
			name = "Other Sources";
			sourceTree = "<group>";
		};
		29B97317FDCFA39411CA2CEA /* Resources */ = {
			isa = PBXGroup;
			children = (
				3499B2D10CE40A1D0044010B /* Images */,
				3450CE210CE3B97B00B67C0B /* Icons */,
				3450CE200CE3B96A00B67C0B /* Adhans */,
				847F38F80E6C5E26003BBF38 /* GuidanceHelp */,
				340EF99D0CD7A7A7007280D6 /* UserDefaults.plist */,
				8D1107310486CEB800E47090 /* Info.plist */,
				089C165CFE840E0CC02AAC07 /* InfoPlist.strings */,
				84031FA30CCDBEE8005DA599 /* Credits.rtf */,
				84BA75480EE35DCF00A9671B /* pauseItunes.scpt */,
			);
			name = Resources;
			sourceTree = "<group>";
		};
		29B97323FDCFA39411CA2CEA /* Frameworks */ = {
			isa = PBXGroup;
			children = (
				1058C7A0FEA54F0111CA2CBB /* Linked Frameworks */,
				1058C7A2FEA54F0111CA2CBB /* Other Frameworks */,
			);
			name = Frameworks;
			sourceTree = "<group>";
		};
		3450CE200CE3B96A00B67C0B /* Adhans */ = {
			isa = PBXGroup;
			children = (
				8421DB5A0CD8024F00BC4D4D /* alaqsa.mp3 */,
				8421DB5B0CD8024F00BC4D4D /* istanbul.mp3 */,
				8421DB5C0CD8024F00BC4D4D /* makkah.mp3 */,
				8421DB5D0CD8024F00BC4D4D /* yusufislam.mp3 */,
			);
			name = Adhans;
			sourceTree = "<group>";
		};
		3450CE210CE3B97B00B67C0B /* Icons */ = {
			isa = PBXGroup;
			children = (
				840BA2BB0CD6C63800181205 /* menuBar.png */,
				840BA2BD0CD6C64B00181205 /* menuBarHighlight.png */,
				84FAC4DE0CD020370005CDA0 /* guidanceIcon.icns */,
				84A956BA0E68A80D008BDB67 /* error.png */,
				84A956BB0E68A80D008BDB67 /* check.png */,
				843F53500EE4CD0A002B9BF9 /* Play.tiff */,
				843F53510EE4CD0A002B9BF9 /* Stop.tiff */,
				843F53560EE4CF0D002B9BF9 /* PlayAlt.tiff */,
				843F53570EE4CF0D002B9BF9 /* StopAlt.tiff */,
				8457C4290D01201F00BFAF0C /* SoundLow.png */,
				8457C42A0D01201F00BFAF0C /* SoundHigh.png */,
				84BEB0E80DAAEC1600F2BB87 /* Advanced.tiff */,
				84342B310CE68B7B00DDE111 /* status_sound.png */,
				84342AFF0CE675D900DDE111 /* status_prayerTime.tiff */,
				84342B000CE675D900DDE111 /* status_notTime.tiff */,
				84262E180CE1156D00359AA1 /* Location.tiff */,
				84262E230CE1173F00359AA1 /* Prayer Times.tiff */,
				84262DF90CE1153E00359AA1 /* Alerts.tiff */,
				347E3F4E0CD681C80035D056 /* General.tiff */,
			);
			name = Icons;
			sourceTree = "<group>";
		};
		3499B1340CE3F4D70044010B /* About */ = {
			isa = PBXGroup;
			children = (
				3499B1350CE3F5330044010B /* About.xib */,
				3499B15D0CE3F76D0044010B /* AboutController.h */,
				3499B15E0CE3F76D0044010B /* AboutController.m */,
			);
			name = About;
			sourceTree = "<group>";
		};
		3499B2D10CE40A1D0044010B /* Images */ = {
			isa = PBXGroup;
			children = (
				3499B12F0CE3F2F40044010B /* aboutbg.png */,
			);
			name = Images;
			sourceTree = "<group>";
		};
		34B5CC440CD6A68600CF5D14 /* UI */ = {
			isa = PBXGroup;
			children = (
				8400AC4F0D63F80B005BBF18 /* Welcome */,
				3499B1340CE3F4D70044010B /* About */,
				34B5CC5E0CD6C02700CF5D14 /* Main Menu */,
				34B5CC450CD6A68E00CF5D14 /* Preferences */,
			);
			name = UI;
			sourceTree = "<group>";
		};
		34B5CC450CD6A68E00CF5D14 /* Preferences */ = {
			isa = PBXGroup;
			children = (
				34B5CC820CD6C06900CF5D14 /* Preferences.xib */,
				34B5CC520CD6A75500CF5D14 /* PrefController.h */,
				34B5CC530CD6A75500CF5D14 /* PrefController.m */,
				340EF9130CD79628007280D6 /* DBPrefsWindowController.h */,
				340EF9140CD79628007280D6 /* DBPrefsWindowController.m */,
			);
			name = Preferences;
			sourceTree = "<group>";
		};
		34B5CC5E0CD6C02700CF5D14 /* Main Menu */ = {
			isa = PBXGroup;
			children = (
				347E3F530CD688D30035D056 /* MainMenu.xib */,
			);
			name = "Main Menu";
			sourceTree = "<group>";
		};
		8400AC4F0D63F80B005BBF18 /* Welcome */ = {
			isa = PBXGroup;
			children = (
				84985D860D63FA92008447D3 /* WelcomeController.h */,
				84985D870D63FA92008447D3 /* WelcomeController.m */,
				84ED0CAE0D64023500654A1D /* Welcome.xib */,
			);
			name = Welcome;
			sourceTree = "<group>";
		};
/* End PBXGroup section */

/* Begin PBXNativeTarget section */
		8D1107260486CEB800E47090 /* Guidance */ = {
			isa = PBXNativeTarget;
			buildConfigurationList = C01FCF4A08A954540054247B /* Build configuration list for PBXNativeTarget "Guidance" */;
			buildPhases = (
				8D1107290486CEB800E47090 /* Resources */,
				8D11072C0486CEB800E47090 /* Sources */,
				8D11072E0486CEB800E47090 /* Frameworks */,
				84AFF17A0CD9646100D0BF00 /* CopyFiles */,
			);
			buildRules = (
			);
			dependencies = (
			);
			name = Guidance;
			productInstallPath = "$(HOME)/Applications";
			productName = Guidance;
			productReference = 8D1107320486CEB800E47090 /* Guidance.app */;
			productType = "com.apple.product-type.application";
		};
/* End PBXNativeTarget section */

/* Begin PBXProject section */
		29B97313FDCFA39411CA2CEA /* Project object */ = {
			isa = PBXProject;
			buildConfigurationList = C01FCF4E08A954540054247B /* Build configuration list for PBXProject "Guidance" */;
			compatibilityVersion = "Xcode 3.0";
			hasScannedForEncodings = 1;
			knownRegions = (
				English,
				Japanese,
				French,
				German,
				Arabic,
			);
			mainGroup = 29B97314FDCFA39411CA2CEA /* Guidance */;
			projectDirPath = "";
			projectRoot = "";
			targets = (
				8D1107260486CEB800E47090 /* Guidance */,
			);
		};
/* End PBXProject section */

/* Begin PBXResourcesBuildPhase section */
		8D1107290486CEB800E47090 /* Resources */ = {
			isa = PBXResourcesBuildPhase;
			buildActionMask = 2147483647;
			files = (
				8D11072B0486CEB800E47090 /* InfoPlist.strings in Resources */,
				84031FA40CCDBEE8005DA599 /* Credits.rtf in Resources */,
				84BA75490EE35DDF00A9671B /* pauseItunes.scpt in Resources */,
				84FAC4DF0CD020370005CDA0 /* guidanceIcon.icns in Resources */,
				347E3F4F0CD681C80035D056 /* General.tiff in Resources */,
				84A956B20E68879D008BDB67 /* MainMenu.xib in Resources */,
				84A956B00E68877B008BDB67 /* Preferences.xib in Resources */,
				840BA2BC0CD6C63800181205 /* menuBar.png in Resources */,
				840BA2BE0CD6C64B00181205 /* menuBarHighlight.png in Resources */,
				340EF99E0CD7A7A7007280D6 /* UserDefaults.plist in Resources */,
				8421DB5E0CD8024F00BC4D4D /* alaqsa.mp3 in Resources */,
				8421DB5F0CD8024F00BC4D4D /* istanbul.mp3 in Resources */,
				8421DB600CD8024F00BC4D4D /* makkah.mp3 in Resources */,
				8421DB610CD8024F00BC4D4D /* yusufislam.mp3 in Resources */,
				84262DFA0CE1153E00359AA1 /* Alerts.tiff in Resources */,
				84262E190CE1156D00359AA1 /* Location.tiff in Resources */,
				84262E240CE1173F00359AA1 /* Prayer Times.tiff in Resources */,
				3499B1300CE3F2F40044010B /* aboutbg.png in Resources */,
				3499B1360CE3F5330044010B /* About.xib in Resources */,
				84342B020CE675D900DDE111 /* status_prayerTime.tiff in Resources */,
				84342B030CE675D900DDE111 /* status_notTime.tiff in Resources */,
				84342B320CE68B7B00DDE111 /* status_sound.png in Resources */,
				8457C42B0D01201F00BFAF0C /* SoundLow.png in Resources */,
				8457C42C0D01201F00BFAF0C /* SoundHigh.png in Resources */,
				84A956B10E688783008BDB67 /* Welcome.xib in Resources */,
				84BEB0E90DAAEC1600F2BB87 /* Advanced.tiff in Resources */,
				84A956BC0E68A80D008BDB67 /* error.png in Resources */,
				84A956BD0E68A80D008BDB67 /* check.png in Resources */,
				847F39110E6C5E26003BBF38 /* GuidanceHelp in Resources */,
				843F53520EE4CD0A002B9BF9 /* Play.tiff in Resources */,
				843F53530EE4CD0A002B9BF9 /* Stop.tiff in Resources */,
				843F53580EE4CF0D002B9BF9 /* PlayAlt.tiff in Resources */,
				843F53590EE4CF0D002B9BF9 /* StopAlt.tiff in Resources */,
			);
			runOnlyForDeploymentPostprocessing = 0;
		};
/* End PBXResourcesBuildPhase section */

/* Begin PBXSourcesBuildPhase section */
		8D11072C0486CEB800E47090 /* Sources */ = {
			isa = PBXSourcesBuildPhase;
			buildActionMask = 2147483647;
			files = (
				8D11072D0486CEB800E47090 /* main.m in Sources */,
				84A4D5C20CCBED0C0080B17D /* PrayerTimes.m in Sources */,
				34E7E5650CCD2DBA0098659D /* Prayer.m in Sources */,
				34B5CC540CD6A75500CF5D14 /* PrefController.m in Sources */,
				340EF9150CD79628007280D6 /* DBPrefsWindowController.m in Sources */,
				340EF9A00CD7A867007280D6 /* AppController.m in Sources */,
				3499B15F0CE3F76D0044010B /* AboutController.m in Sources */,
				84985D880D63FA92008447D3 /* WelcomeController.m in Sources */,
			);
			runOnlyForDeploymentPostprocessing = 0;
		};
/* End PBXSourcesBuildPhase section */

/* Begin PBXVariantGroup section */
		089C165CFE840E0CC02AAC07 /* InfoPlist.strings */ = {
			isa = PBXVariantGroup;
			children = (
				089C165DFE840E0CC02AAC07 /* English */,
			);
			name = InfoPlist.strings;
			sourceTree = "<group>";
		};
/* End PBXVariantGroup section */

/* Begin XCBuildConfiguration section */
		C01FCF4B08A954540054247B /* Debug */ = {
			isa = XCBuildConfiguration;
			buildSettings = {
				COPY_PHASE_STRIP = NO;
				FRAMEWORK_SEARCH_PATHS = (
					"$(inherited)",
					"$(FRAMEWORK_SEARCH_PATHS_QUOTED_1)",
					"\"$(SRCROOT)\"",
				);
				FRAMEWORK_SEARCH_PATHS_QUOTED_1 = "\"$(SRCROOT)\"";
				GCC_DYNAMIC_NO_PIC = NO;
				GCC_ENABLE_FIX_AND_CONTINUE = YES;
				GCC_MODEL_TUNING = G5;
				GCC_OPTIMIZATION_LEVEL = 0;
				INFOPLIST_FILE = Info.plist;
				INSTALL_PATH = "$(HOME)/Applications";
				PRODUCT_NAME = Guidance;
				WRAPPER_EXTENSION = app;
				ZERO_LINK = YES;
			};
			name = Debug;
		};
		C01FCF4C08A954540054247B /* Release */ = {
			isa = XCBuildConfiguration;
			buildSettings = {
				ARCHS = (
					ppc,
					i386,
				);
				FRAMEWORK_SEARCH_PATHS = (
					"$(inherited)",
					"$(FRAMEWORK_SEARCH_PATHS_QUOTED_1)",
					"\"$(SRCROOT)\"",
				);
				FRAMEWORK_SEARCH_PATHS_QUOTED_1 = "\"$(SRCROOT)\"";
				GCC_GENERATE_DEBUGGING_SYMBOLS = NO;
				GCC_MODEL_TUNING = G5;
				INFOPLIST_FILE = Info.plist;
				INSTALL_PATH = "$(HOME)/Applications";
				PRODUCT_NAME = Guidance;
				WRAPPER_EXTENSION = app;
			};
			name = Release;
		};
		C01FCF4F08A954540054247B /* Debug */ = {
			isa = XCBuildConfiguration;
			buildSettings = {
				ARCHS = (
					ppc,
					i386,
				);
				GCC_DEBUGGING_SYMBOLS = full;
				GCC_WARN_ABOUT_RETURN_TYPE = YES;
				GCC_WARN_UNUSED_VARIABLE = YES;
				PREBINDING = NO;
				SDKROOT = "$(DEVELOPER_SDK_DIR)/MacOSX10.4u.sdk";
			};
			name = Debug;
		};
		C01FCF5008A954540054247B /* Release */ = {
			isa = XCBuildConfiguration;
			buildSettings = {
				ARCHS = (
					ppc,
					i386,
				);
				GCC_DEBUGGING_SYMBOLS = full;
				GCC_WARN_ABOUT_RETURN_TYPE = YES;
				GCC_WARN_UNUSED_VARIABLE = YES;
				PREBINDING = NO;
				SDKROOT = "$(DEVELOPER_SDK_DIR)/MacOSX10.4u.sdk";
			};
			name = Release;
		};
/* End XCBuildConfiguration section */

/* Begin XCConfigurationList section */
		C01FCF4A08A954540054247B /* Build configuration list for PBXNativeTarget "Guidance" */ = {
			isa = XCConfigurationList;
			buildConfigurations = (
				C01FCF4B08A954540054247B /* Debug */,
				C01FCF4C08A954540054247B /* Release */,
			);
			defaultConfigurationIsVisible = 0;
			defaultConfigurationName = Release;
		};
		C01FCF4E08A954540054247B /* Build configuration list for PBXProject "Guidance" */ = {
			isa = XCConfigurationList;
			buildConfigurations = (
				C01FCF4F08A954540054247B /* Debug */,
				C01FCF5008A954540054247B /* Release */,
			);
			defaultConfigurationIsVisible = 0;
			defaultConfigurationName = Release;
		};
/* End XCConfigurationList section */
	};
	rootObject = 29B97313FDCFA39411CA2CEA /* Project object */;
}
